{
  "nodes": {
    "flake-parts": {
      "inputs": {
        "nixpkgs-lib": "nixpkgs-lib"
      },
      "locked": {
        "lastModified": 1768135262,
        "narHash": "sha256-PVvu7OqHBGWN16zSi6tEmPwwHQ4rLPU9Plvs8/1TUBY=",
        "owner": "hercules-ci",
        "repo": "flake-parts",
        "rev": "80daad04eddbbf5a4d883996a73f3f542fa437ac",
        "type": "github"
      },
      "original": {
        "owner": "hercules-ci",
        "repo": "flake-parts",
        "type": "github"
      }
    },
    "helium-flake": {
      "inputs": {
        "nixpkgs": [
          "nixpkgs"
        ]
      },
      "locked": {
        "lastModified": 1781783441,
        "narHash": "sha256-v7rAVyX0DGAYqei3FxWPDJLqrzJrEsue2DVBEDApxQo=",
        "owner": "oxcl",
        "repo": "nix-flake-helium-browser",
        "rev": "aabc12cf6518480d83b2b5d06d2eecf86a25273f",
        "type": "github"
      },
      "original": {
        "owner": "oxcl",
        "repo": "nix-flake-helium-browser",
        "type": "github"
      }
    },
    "home-manager": {
      "inputs": {
        "nixpkgs": [
          "nixpkgs"
        ]
      },
      "locked": {
        "lastModified": 1782522538,
        "narHash": "sha256-CvOaUvJ+mXlxU3m2cPWKcOAhtKETsPUYhq+Xa5ewBp4=",
        "owner": "nix-community",
        "repo": "home-manager",
        "rev": "8d8a6cc50ddc60748791a14ee1163c865ec57635",
        "type": "github"
      },
      "original": {
        "owner": "nix-community",
        "repo": "home-manager",
        "type": "github"
      }
    },
    "home-manager_2": {
      "inputs": {
        "nixpkgs": [
          "otter-launcher",
          "nixpkgs"
        ]
      },
      "locked": {
        "lastModified": 1769638001,
        "narHash": "sha256-hGwdJ/+oo+IRo2TiWV/V8BWWptQihcdFV/olTONaHqg=",
        "owner": "nix-community",
        "repo": "home-manager",
        "rev": "bd9f031efc634be4b80c5090b9171cc3a9f8e49c",
        "type": "github"
      },
      "original": {
        "owner": "nix-community",
        "repo": "home-manager",
        "type": "github"
      }
    },
    "nixpkgs": {
      "locked": {
        "lastModified": 1781577229,
        "narHash": "sha256-lrp67w8AulE9Ks53n27I45ADSzbOCn4H+CNW1Ck8B+8=",
        "owner": "nixos",
        "repo": "nixpkgs",
        "rev": "567a49d1913ce81ac6e9582e3553dd90a955875f",
        "type": "github"
      },
      "original": {
        "owner": "nixos",
        "ref": "nixos-unstable",
        "repo": "nixpkgs",
        "type": "github"
      }
    },
    "nixpkgs-lib": {
      "locked": {
        "lastModified": 1765674936,
        "narHash": "sha256-k00uTP4JNfmejrCLJOwdObYC9jHRrr/5M/a/8L2EIdo=",
        "owner": "nix-community",
        "repo": "nixpkgs.lib",
        "rev": "2075416fcb47225d9b68ac469a5c4801a9c4dd85",
        "type": "github"
      },
      "original": {
        "owner": "nix-community",
        "repo": "nixpkgs.lib",
        "type": "github"
      }
    },
    "otter-launcher": {
      "inputs": {
        "flake-parts": "flake-parts",
        "home-manager": "home-manager_2",
        "nixpkgs": [
          "nixpkgs"
        ],
        "systems": "systems"
      },
      "locked": {
        "lastModified": 1780973227,
        "narHash": "sha256-vlNT2248Oxg3++bk8ZkozsU4wDbxOkh6dl3GeoBmmXE=",
        "owner": "kuokuo123",
        "repo": "otter-launcher",
        "rev": "764a38d1de308da3268222692652a0a85bb71eee",
        "type": "github"
      },
      "original": {
        "owner": "kuokuo123",
        "repo": "otter-launcher",
        "type": "github"
      }
    },
    "root": {
      "inputs": {
        "helium-flake": "helium-flake",
        "home-manager": "home-manager",
        "nixpkgs": "nixpkgs",
        "otter-launcher": "otter-launcher"
      }
    },
    "systems": {
      "locked": {
        "lastModified": 1689347949,
        "narHash": "sha256-12tWmuL2zgBgZkdoB6qXZsgJEH9LR3oUgpaQq2RbI80=",
        "owner": "nix-systems",
        "repo": "default-linux",
        "rev": "31732fcf5e8fea42e59c2488ad31a0e651500f68",
        "type": "github"
      },
      "original": {
        "owner": "nix-systems",
        "repo": "default-linux",
        "type": "github"
      }
    }
  },
  "root": "root",
  "version": 7
}
